
Microsoft Visual Studio Solution File, Format Version 12.00
Project("{FAE04EC0-301F-11D3-BF4B-00C04F79EFBC}") = "Hoi4ModTool.UI", "Hoi4ModTool.UI\Hoi4ModTool.UI.csproj", "{200C44B5-59E0-4DC2-9DA2-6A314E5F8D75}"
EndProject
Project("{FAE04EC0-301F-11D3-BF4B-00C04F79EFBC}") = "Hoi4ModTool.Common", "Hoi4ModTool.Common\Hoi4ModTool.Common.csproj", "{39EDD54C-B247-4BDC-94D6-7ABA0B107CBF}"
EndProject
Project("{FAE04EC0-301F-11D3-BF4B-00C04F79EFBC}") = "Hoi4ModTool.Core", "Hoi4ModTool.Core\Hoi4ModTool.Core.csproj", "{2CF76DDE-B681-4216-A768-5E941F51A831}"
EndProject
Global
	GlobalSection(SolutionConfigurationPlatforms) = preSolution
		Debug|Any CPU = Debug|Any CPU
		Release|Any CPU = Release|Any CPU
	EndGlobalSection
	GlobalSection(ProjectConfigurationPlatforms) = postSolution
		{200C44B5-59E0-4DC2-9DA2-6A314E5F8D75}.Debug|Any CPU.ActiveCfg = Debug|Any CPU
		{200C44B5-59E0-4DC2-9DA2-6A314E5F8D75}.Debug|Any CPU.Build.0 = Debug|Any CPU
		{200C44B5-59E0-4DC2-9DA2-6A314E5F8D75}.Release|Any CPU.ActiveCfg = Release|Any CPU
		{200C44B5-59E0-4DC2-9DA2-6A314E5F8D75}.Release|Any CPU.Build.0 = Release|Any CPU
		{39EDD54C-B247-4BDC-94D6-7ABA0B107CBF}.Debug|Any CPU.ActiveCfg = Debug|Any CPU
		{39EDD54C-B247-4BDC-94D6-7ABA0B107CBF}.Debug|Any CPU.Build.0 = Debug|Any CPU
		{39EDD54C-B247-4BDC-94D6-7ABA0B107CBF}.Release|Any CPU.ActiveCfg = Release|Any CPU
		{39EDD54C-B247-4BDC-94D6-7ABA0B107CBF}.Release|Any CPU.Build.0 = Release|Any CPU
		{2CF76DDE-B681-4216-A768-5E941F51A831}.Debug|Any CPU.ActiveCfg = Debug|Any CPU
		{2CF76DDE-B681-4216-A768-5E941F51A831}.Debug|Any CPU.Build.0 = Debug|Any CPU
		{2CF76DDE-B681-4216-A768-5E941F51A831}.Release|Any CPU.ActiveCfg = Release|Any CPU
		{2CF76DDE-B681-4216-A768-5E941F51A831}.Release|Any CPU.Build.0 = Release|Any CPU
	EndGlobalSection
EndGlobal
